
Microsoft Visual Studio Solution File, Format Version 12.00
# Visual Studio Version 17
VisualStudioVersion = 17.3.32901.215
MinimumVisualStudioVersion = 10.0.40219.1
Project("{FAE04EC0-301F-11D3-BF4B-00C04F79EFBC}") = "SurveySatisfaction", "SurveySatisfaction\SurveySatisfaction.csproj", "{726616E1-39DC-4D94-B710-9865BE447413}"
EndProject
Global
	GlobalSection(SolutionConfigurationPlatforms) = preSolution
		Debug|Any CPU = Debug|Any CPU
		Release|Any CPU = Release|Any CPU
	EndGlobalSection
	GlobalSection(ProjectConfigurationPlatforms) = postSolution
		{726616E1-39DC-4D94-B710-9865BE447413}.Debug|Any CPU.ActiveCfg = Debug|Any CPU
		{726616E1-39DC-4D94-B710-9865BE447413}.Debug|Any CPU.Build.0 = Debug|Any CPU
		{726616E1-39DC-4D94-B710-9865BE447413}.Release|Any CPU.ActiveCfg = Release|Any CPU
		{726616E1-39DC-4D94-B710-9865BE447413}.Release|Any CPU.Build.0 = Release|Any CPU
	EndGlobalSection
	GlobalSection(SolutionProperties) = preSolution
		HideSolutionNode = FALSE
	EndGlobalSection
	GlobalSection(ExtensibilityGlobals) = postSolution
		SolutionGuid = {666142C9-AA2B-4458-9F54-D10D3DE42556}
	EndGlobalSection
EndGlobal
